
Microsoft Visual Studio Solution File, Format Version 12.00
# Visual Studio Version 17
VisualStudioVersion = 17.5.002.0
MinimumVisualStudioVersion = 10.0.40219.1
Project("{2150E333-8FDC-42A3-9474-1A3956D46DE8}") = "csharp-prep", "csharp-prep", "{3DF13047-E427-4D46-B97F-A3442503B324}"
EndProject
Project("{9A19103F-16F7-4668-BE54-9A1E7A4F7556}") = "Prep1", "csharp-prep\Prep1\Prep1.csproj", "{E54AC0FD-26BE-4EC3-81A7-3E9F5C63E75C}"
EndProject
Project("{9A19103F-16F7-4668-BE54-9A1E7A4F7556}") = "Prep2", "csharp-prep\Prep2\Prep2.csproj", "{43A6C415-54AB-4A72-A7C8-E25B01AFCDB1}"
EndProject
Project("{9A19103F-16F7-4668-BE54-9A1E7A4F7556}") = "Prep3", "csharp-prep\Prep3\Prep3.csproj", "{62D41991-F05E-44B3-A35A-600A321CC55D}"
EndProject
Project("{9A19103F-16F7-4668-BE54-9A1E7A4F7556}") = "Prep4", "csharp-prep\Prep4\Prep4.csproj", "{E7E4D1DE-A33C-4058-A405-E667BC435D8F}"
EndProject
Project("{9A19103F-16F7-4668-BE54-9A1E7A4F7556}") = "Prep5", "csharp-prep\Prep5\Prep5.csproj", "{5CA24B62-DE7B-4212-8A0C-5E3EF4F31419}"
EndProject
Project("{2150E333-8FDC-42A3-9474-1A3956D46DE8}") = "final", "final", "{DEE0475D-D4BF-4903-B657-EF3F26244792}"
EndProject
Project("{9A19103F-16F7-4668-BE54-9A1E7A4F7556}") = "FinalProject", "final\FinalProject\FinalProject.csproj", "{913D6DC6-EB59-4C0D-9AC1-4F7CBB1D0AA8}"
EndProject
Project("{9A19103F-16F7-4668-BE54-9A1E7A4F7556}") = "Foundation1", "final\Foundation1\Foundation1.csproj", "{67A01091-7693-4CF9-A7B2-FFF2ED44BE91}"
EndProject
Project("{9A19103F-16F7-4668-BE54-9A1E7A4F7556}") = "Foundation2", "final\Foundation2\Foundation2.csproj", "{CAB2CD7B-7426-471A-B350-725F5475CCF1}"
EndProject
Project("{9A19103F-16F7-4668-BE54-9A1E7A4F7556}") = "Foundation3", "final\Foundation3\Foundation3.csproj", "{0A0D2A53-A2E2-4EA1-B88E-66A051D489EC}"
EndProject
Project("{9A19103F-16F7-4668-BE54-9A1E7A4F7556}") = "Foundation4", "final\Foundation4\Foundation4.csproj", "{1599F151-BF58-4AA3-A0EB-04CE8905B6FB}"
EndProject
Project("{2150E333-8FDC-42A3-9474-1A3956D46DE8}") = "prepare", "prepare", "{82DA8064-CFA7-4947-AD90-B2F69BA78E3F}"
EndProject
Project("{9A19103F-16F7-4668-BE54-9A1E7A4F7556}") = "Learning02", "prepare\Learning02\Learning02.csproj", "{9A0FD907-D242-41EB-B423-F5378A62164A}"
EndProject
Project("{9A19103F-16F7-4668-BE54-9A1E7A4F7556}") = "Learning03", "prepare\Learning03\Learning03.csproj", "{BD664809-10A8-4F89-8AE7-D83019881B8D}"
EndProject
Project("{9A19103F-16F7-4668-BE54-9A1E7A4F7556}") = "Learning04", "prepare\Learning04\Learning04.csproj", "{376FF0FA-B45C-4765-AA3D-0F334F6FCE56}"
EndProject
Project("{9A19103F-16F7-4668-BE54-9A1E7A4F7556}") = "Learning05", "prepare\Learning05\Learning05.csproj", "{AB612813-BD31-46AA-8359-4A106AF8FC76}"
EndProject
Project("{2150E333-8FDC-42A3-9474-1A3956D46DE8}") = "prove", "prove", "{9E11394F-F2D2-4616-AF9B-2C7E41BA7070}"
EndProject
Project("{9A19103F-16F7-4668-BE54-9A1E7A4F7556}") = "Develop02", "prove\Develop02\Develop02.csproj", "{E4BAD770-1703-495D-AF99-7D18A65BFC0E}"
EndProject
Project("{9A19103F-16F7-4668-BE54-9A1E7A4F7556}") = "Develop03", "prove\Develop03\Develop03.csproj", "{CB92775A-2F6A-4823-A05C-8854936E18F4}"
EndProject
Project("{9A19103F-16F7-4668-BE54-9A1E7A4F7556}") = "Develop04", "prove\Develop04\Develop04.csproj", "{CF4CC977-2684-49EE-AD20-01AC4DAC15A3}"
EndProject
Project("{9A19103F-16F7-4668-BE54-9A1E7A4F7556}") = "Develop05", "prove\Develop05\Develop05.csproj", "{B6CA762E-9713-40FB-9A39-FBC5BF507DC5}"
EndProject
Project("{2150E333-8FDC-42A3-9474-1A3956D46DE8}") = "sandbox", "sandbox", "{60827A32-5379-4652-ADAB-AAD1E9BD18BC}"
EndProject
Project("{9A19103F-16F7-4668-BE54-9A1E7A4F7556}") = "Sandbox", "sandbox\Sandbox\Sandbox.csproj", "{F0FE836E-5C2A-4523-BD1F-52DC62CFFE6E}"
EndProject
Global
	GlobalSection(SolutionConfigurationPlatforms) = preSolution
		Debug|Any CPU = Debug|Any CPU
		Release|Any CPU = Release|Any CPU
	EndGlobalSection
	GlobalSection(ProjectConfigurationPlatforms) = postSolution
		{E54AC0FD-26BE-4EC3-81A7-3E9F5C63E75C}.Debug|Any CPU.ActiveCfg = Debug|Any CPU
		{E54AC0FD-26BE-4EC3-81A7-3E9F5C63E75C}.Debug|Any CPU.Build.0 = Debug|Any CPU
		{E54AC0FD-26BE-4EC3-81A7-3E9F5C63E75C}.Release|Any CPU.ActiveCfg = Release|Any CPU
		{E54AC0FD-26BE-4EC3-81A7-3E9F5C63E75C}.Release|Any CPU.Build.0 = Release|Any CPU
		{43A6C415-54AB-4A72-A7C8-E25B01AFCDB1}.Debug|Any CPU.ActiveCfg = Debug|Any CPU
		{43A6C415-54AB-4A72-A7C8-E25B01AFCDB1}.Debug|Any CPU.Build.0 = Debug|Any CPU
		{43A6C415-54AB-4A72-A7C8-E25B01AFCDB1}.Release|Any CPU.ActiveCfg = Release|Any CPU
		{43A6C415-54AB-4A72-A7C8-E25B01AFCDB1}.Release|Any CPU.Build.0 = Release|Any CPU
		{62D41991-F05E-44B3-A35A-600A321CC55D}.Debug|Any CPU.ActiveCfg = Debug|Any CPU
		{62D41991-F05E-44B3-A35A-600A321CC55D}.Debug|Any CPU.Build.0 = Debug|Any CPU
		{62D41991-F05E-44B3-A35A-600A321CC55D}.Release|Any CPU.ActiveCfg = Release|Any CPU
		{62D41991-F05E-44B3-A35A-600A321CC55D}.Release|Any CPU.Build.0 = Release|Any CPU
		{E7E4D1DE-A33C-4058-A405-E667BC435D8F}.Debug|Any CPU.ActiveCfg = Debug|Any CPU
		{E7E4D1DE-A33C-4058-A405-E667BC435D8F}.Debug|Any CPU.Build.0 = Debug|Any CPU
		{E7E4D1DE-A33C-4058-A405-E667BC435D8F}.Release|Any CPU.ActiveCfg = Release|Any CPU
		{E7E4D1DE-A33C-4058-A405-E667BC435D8F}.Release|Any CPU.Build.0 = Release|Any CPU
		{5CA24B62-DE7B-4212-8A0C-5E3EF4F31419}.Debug|Any CPU.ActiveCfg = Debug|Any CPU
		{5CA24B62-DE7B-4212-8A0C-5E3EF4F31419}.Debug|Any CPU.Build.0 = Debug|Any CPU
		{5CA24B62-DE7B-4212-8A0C-5E3EF4F31419}.Release|Any CPU.ActiveCfg = Release|Any CPU
		{5CA24B62-DE7B-4212-8A0C-5E3EF4F31419}.Release|Any CPU.Build.0 = Release|Any CPU
		{913D6DC6-EB59-4C0D-9AC1-4F7CBB1D0AA8}.Debug|Any CPU.ActiveCfg = Debug|Any CPU
		{913D6DC6-EB59-4C0D-9AC1-4F7CBB1D0AA8}.Debug|Any CPU.Build.0 = Debug|Any CPU
		{913D6DC6-EB59-4C0D-9AC1-4F7CBB1D0AA8}.Release|Any CPU.ActiveCfg = Release|Any CPU
		{913D6DC6-EB59-4C0D-9AC1-4F7CBB1D0AA8}.Release|Any CPU.Build.0 = Release|Any CPU
		{67A01091-7693-4CF9-A7B2-FFF2ED44BE91}.Debug|Any CPU.ActiveCfg = Debug|Any CPU
		{67A01091-7693-4CF9-A7B2-FFF2ED44BE91}.Debug|Any CPU.Build.0 = Debug|Any CPU
		{67A01091-7693-4CF9-A7B2-FFF2ED44BE91}.Release|Any CPU.ActiveCfg = Release|Any CPU
		{67A01091-7693-4CF9-A7B2-FFF2ED44BE91}.Release|Any CPU.Build.0 = Release|Any CPU
		{CAB2CD7B-7426-471A-B350-725F5475CCF1}.Debug|Any CPU.ActiveCfg = Debug|Any CPU
		{CAB2CD7B-7426-471A-B350-725F5475CCF1}.Debug|Any CPU.Build.0 = Debug|Any CPU
		{CAB2CD7B-7426-471A-B350-725F5475CCF1}.Release|Any CPU.ActiveCfg = Release|Any CPU
		{CAB2CD7B-7426-471A-B350-725F5475CCF1}.Release|Any CPU.Build.0 = Release|Any CPU
		{0A0D2A53-A2E2-4EA1-B88E-66A051D489EC}.Debug|Any CPU.ActiveCfg = Debug|Any CPU
		{0A0D2A53-A2E2-4EA1-B88E-66A051D489EC}.Debug|Any CPU.Build.0 = Debug|Any CPU
		{0A0D2A53-A2E2-4EA1-B88E-66A051D489EC}.Release|Any CPU.ActiveCfg = Release|Any CPU
		{0A0D2A53-A2E2-4EA1-B88E-66A051D489EC}.Release|Any CPU.Build.0 = Release|Any CPU
		{1599F151-BF58-4AA3-A0EB-04CE8905B6FB}.Debug|Any CPU.ActiveCfg = Debug|Any CPU
		{1599F151-BF58-4AA3-A0EB-04CE8905B6FB}.Debug|Any CPU.Build.0 = Debug|Any CPU
		{1599F151-BF58-4AA3-A0EB-04CE8905B6FB}.Release|Any CPU.ActiveCfg = Release|Any CPU
		{1599F151-BF58-4AA3-A0EB-04CE8905B6FB}.Release|Any CPU.Build.0 = Release|Any CPU
		{9A0FD907-D242-41EB-B423-F5378A62164A}.Debug|Any CPU.ActiveCfg = Debug|Any CPU
		{9A0FD907-D242-41EB-B423-F5378A62164A}.Debug|Any CPU.Build.0 = Debug|Any CPU
		{9A0FD907-D242-41EB-B423-F5378A62164A}.Release|Any CPU.ActiveCfg = Release|Any CPU
		{9A0FD907-D242-41EB-B423-F5378A62164A}.Release|Any CPU.Build.0 = Release|Any CPU
		{BD664809-10A8-4F89-8AE7-D83019881B8D}.Debug|Any CPU.ActiveCfg = Debug|Any CPU
		{BD664809-10A8-4F89-8AE7-D83019881B8D}.Debug|Any CPU.Build.0 = Debug|Any CPU
		{BD664809-10A8-4F89-8AE7-D83019881B8D}.Release|Any CPU.ActiveCfg = Release|Any CPU
		{BD664809-10A8-4F89-8AE7-D83019881B8D}.Release|Any CPU.Build.0 = Release|Any CPU
		{376FF0FA-B45C-4765-AA3D-0F334F6FCE56}.Debug|Any CPU.ActiveCfg = Debug|Any CPU
		{376FF0FA-B45C-4765-AA3D-0F334F6FCE56}.Debug|Any CPU.Build.0 = Debug|Any CPU
		{376FF0FA-B45C-4765-AA3D-0F334F6FCE56}.Release|Any CPU.ActiveCfg = Release|Any CPU
		{376FF0FA-B45C-4765-AA3D-0F334F6FCE56}.Release|Any CPU.Build.0 = Release|Any CPU
		{AB612813-BD31-46AA-8359-4A106AF8FC76}.Debug|Any CPU.ActiveCfg = Debug|Any CPU
		{AB612813-BD31-46AA-8359-4A106AF8FC76}.Debug|Any CPU.Build.0 = Debug|Any CPU
		{AB612813-BD31-46AA-8359-4A106AF8FC76}.Release|Any CPU.ActiveCfg = Release|Any CPU
		{AB612813-BD31-46AA-8359-4A106AF8FC76}.Release|Any CPU.Build.0 = Release|Any CPU
		{E4BAD770-1703-495D-AF99-7D18A65BFC0E}.Debug|Any CPU.ActiveCfg = Debug|Any CPU
		{E4BAD770-1703-495D-AF99-7D18A65BFC0E}.Debug|Any CPU.Build.0 = Debug|Any CPU
		{E4BAD770-1703-495D-AF99-7D18A65BFC0E}.Release|Any CPU.ActiveCfg = Release|Any CPU
		{E4BAD770-1703-495D-AF99-7D18A65BFC0E}.Release|Any CPU.Build.0 = Release|Any CPU
		{CB92775A-2F6A-4823-A05C-8854936E18F4}.Debug|Any CPU.ActiveCfg = Debug|Any CPU
		{CB92775A-2F6A-4823-A05C-8854936E18F4}.Debug|Any CPU.Build.0 = Debug|Any CPU
		{CB92775A-2F6A-4823-A05C-8854936E18F4}.Release|Any CPU.ActiveCfg = Release|Any CPU
		{CB92775A-2F6A-4823-A05C-8854936E18F4}.Release|Any CPU.Build.0 = Release|Any CPU
		{CF4CC977-2684-49EE-AD20-01AC4DAC15A3}.Debug|Any CPU.ActiveCfg = Debug|Any CPU
		{CF4CC977-2684-49EE-AD20-01AC4DAC15A3}.Debug|Any CPU.Build.0 = Debug|Any CPU
		{CF4CC977-2684-49EE-AD20-01AC4DAC15A3}.Release|Any CPU.ActiveCfg = Release|Any CPU
		{CF4CC977-2684-49EE-AD20-01AC4DAC15A3}.Release|Any CPU.Build.0 = Release|Any CPU
		{B6CA762E-9713-40FB-9A39-FBC5BF507DC5}.Debug|Any CPU.ActiveCfg = Debug|Any CPU
		{B6CA762E-9713-40FB-9A39-FBC5BF507DC5}.Debug|Any CPU.Build.0 = Debug|Any CPU
		{B6CA762E-9713-40FB-9A39-FBC5BF507DC5}.Release|Any CPU.ActiveCfg = Release|Any CPU
		{B6CA762E-9713-40FB-9A39-FBC5BF507DC5}.Release|Any CPU.Build.0 = Release|Any CPU
		{F0FE836E-5C2A-4523-BD1F-52DC62CFFE6E}.Debug|Any CPU.ActiveCfg = Debug|Any CPU
		{F0FE836E-5C2A-4523-BD1F-52DC62CFFE6E}.Debug|Any CPU.Build.0 = Debug|Any CPU
		{F0FE836E-5C2A-4523-BD1F-52DC62CFFE6E}.Release|Any CPU.ActiveCfg = Release|Any CPU
		{F0FE836E-5C2A-4523-BD1F-52DC62CFFE6E}.Release|Any CPU.Build.0 = Release|Any CPU
	EndGlobalSection
	GlobalSection(SolutionProperties) = preSolution
		HideSolutionNode = FALSE
	EndGlobalSection
	GlobalSection(NestedProjects) = preSolution
		{E54AC0FD-26BE-4EC3-81A7-3E9F5C63E75C} = {3DF13047-E427-4D46-B97F-A3442503B324}
		{43A6C415-54AB-4A72-A7C8-E25B01AFCDB1} = {3DF13047-E427-4D46-B97F-A3442503B324}
		{62D41991-F05E-44B3-A35A-600A321CC55D} = {3DF13047-E427-4D46-B97F-A3442503B324}
		{E7E4D1DE-A33C-4058-A405-E667BC435D8F} = {3DF13047-E427-4D46-B97F-A3442503B324}
		{5CA24B62-DE7B-4212-8A0C-5E3EF4F31419} = {3DF13047-E427-4D46-B97F-A3442503B324}
		{913D6DC6-EB59-4C0D-9AC1-4F7CBB1D0AA8} = {DEE0475D-D4BF-4903-B657-EF3F26244792}
		{67A01091-7693-4CF9-A7B2-FFF2ED44BE91} = {DEE0475D-D4BF-4903-B657-EF3F26244792}
		{CAB2CD7B-7426-471A-B350-725F5475CCF1} = {DEE0475D-D4BF-4903-B657-EF3F26244792}
		{0A0D2A53-A2E2-4EA1-B88E-66A051D489EC} = {DEE0475D-D4BF-4903-B657-EF3F26244792}
		{1599F151-BF58-4AA3-A0EB-04CE8905B6FB} = {DEE0475D-D4BF-4903-B657-EF3F26244792}
		{9A0FD907-D242-41EB-B423-F5378A62164A} = {82DA8064-CFA7-4947-AD90-B2F69BA78E3F}
		{BD664809-10A8-4F89-8AE7-D83019881B8D} = {82DA8064-CFA7-4947-AD90-B2F69BA78E3F}
		{376FF0FA-B45C-4765-AA3D-0F334F6FCE56} = {82DA8064-CFA7-4947-AD90-B2F69BA78E3F}
		{AB612813-BD31-46AA-8359-4A106AF8FC76} = {82DA8064-CFA7-4947-AD90-B2F69BA78E3F}
		{E4BAD770-1703-495D-AF99-7D18A65BFC0E} = {9E11394F-F2D2-4616-AF9B-2C7E41BA7070}
		{CB92775A-2F6A-4823-A05C-8854936E18F4} = {9E11394F-F2D2-4616-AF9B-2C7E41BA7070}
		{CF4CC977-2684-49EE-AD20-01AC4DAC15A3} = {9E11394F-F2D2-4616-AF9B-2C7E41BA7070}
		{B6CA762E-9713-40FB-9A39-FBC5BF507DC5} = {9E11394F-F2D2-4616-AF9B-2C7E41BA7070}
		{F0FE836E-5C2A-4523-BD1F-52DC62CFFE6E} = {60827A32-5379-4652-ADAB-AAD1E9BD18BC}
	EndGlobalSection
	GlobalSection(ExtensibilityGlobals) = postSolution
		SolutionGuid = {5C06A9C9-41CE-4EBB-843F-EFEEE317CFEB}
	EndGlobalSection
EndGlobal
